
Microsoft Visual Studio Solution File, Format Version 12.00
# Visual Studio 15
VisualStudioVersion = 15.0.26124.0
MinimumVisualStudioVersion = 15.0.26124.0
Project("{FAE04EC0-301F-11D3-BF4B-00C04F79EFBC}") = "VN.Example.Host.Web", "src\VN.Example.Host.Web\VN.Example.Host.Web.csproj", "{03F9FD22-6A67-4248-9C71-682952D0EA07}"
EndProject
Project("{FAE04EC0-301F-11D3-BF4B-00C04F79EFBC}") = "VN.Example.Infrastructure", "src\VN.Example.Infrastructure\VN.Example.Infrastructure.csproj", "{B18D15CB-4E86-4C1D-ADAB-2FE851C6ACB5}"
EndProject
Project("{FAE04EC0-301F-11D3-BF4B-00C04F79EFBC}") = "VN.Example.Infrastructure.Database.Couchbase", "src\VN.Example.Infrastructure.Database.Couchbase\VN.Example.Infrastructure.Database.Couchbase.csproj", "{4B2EB6BE-CE38-4390-884F-7911130273D4}"
EndProject
Project("{FAE04EC0-301F-11D3-BF4B-00C04F79EFBC}") = "VN.Example.Infrastructure.Database.MSSQL", "src\VN.Example.Infrastructure.Database.MSSQL\VN.Example.Infrastructure.Database.MSSQL.csproj", "{BA426EA0-1104-4363-8C58-98F66C252CEE}"
EndProject
Project("{FAE04EC0-301F-11D3-BF4B-00C04F79EFBC}") = "VN.Example.Infrastructure.Provider.MessageBus", "src\VN.Example.Infrastructure.Provider.MessageBus\VN.Example.Infrastructure.Provider.MessageBus.csproj", "{2D2455A0-9F35-4D41-BC2D-2CBCDFE01FAA}"
EndProject
Project("{FAE04EC0-301F-11D3-BF4B-00C04F79EFBC}") = "VN.Example.Platform", "src\VN.Example.Platform\VN.Example.Platform.csproj", "{8BCEC9B1-6E8D-4D25-AE95-61269B672935}"
EndProject
Project("{2150E333-8FDC-42A3-9474-1A3956D46DE8}") = "Databases", "Databases", "{01289053-BF39-4FCD-AE99-4524052A182A}"
EndProject
Project("{2150E333-8FDC-42A3-9474-1A3956D46DE8}") = "Infrastructure", "Infrastructure", "{B90020E6-B954-4425-8A42-6EE8F254BA04}"
EndProject
Project("{2150E333-8FDC-42A3-9474-1A3956D46DE8}") = "Solution Items", "Solution Items", "{FE433D39-D283-4E56-89F5-E0C73CF78818}"
	ProjectSection(SolutionItems) = preProject
		Makefile = Makefile
		docker-compose.yml = docker-compose.yml
		docker-compose.override.yml = docker-compose.override.yml
		README.md = README.md
	EndProjectSection
EndProject
Project("{2150E333-8FDC-42A3-9474-1A3956D46DE8}") = "Host", "Host", "{63FB6273-4039-4AB0-A7F8-2DC3D936D7A2}"
EndProject
Project("{FAE04EC0-301F-11D3-BF4B-00C04F79EFBC}") = "VN.Example.Host.BehaviorCreated", "src\VN.Example.Host.BehaviorCreated\VN.Example.Host.BehaviorCreated.csproj", "{9FE9C68F-88BA-41CB-8EFC-07C978AA038B}"
EndProject
Project("{2150E333-8FDC-42A3-9474-1A3956D46DE8}") = "Providers", "Providers", "{6EB8D025-DBBB-4B70-B89A-0EB937D283EF}"
EndProject
Project("{FAE04EC0-301F-11D3-BF4B-00C04F79EFBC}") = "VN.Example.Tests", "src\VN.Example.Tests\VN.Example.Tests.csproj", "{ECD39D25-3912-45C3-BC64-0D32AC592A03}"
EndProject
Global
	GlobalSection(SolutionConfigurationPlatforms) = preSolution
		Debug|Any CPU = Debug|Any CPU
		Debug|x64 = Debug|x64
		Debug|x86 = Debug|x86
		Release|Any CPU = Release|Any CPU
		Release|x64 = Release|x64
		Release|x86 = Release|x86
	EndGlobalSection
	GlobalSection(SolutionProperties) = preSolution
		HideSolutionNode = FALSE
	EndGlobalSection
	GlobalSection(ProjectConfigurationPlatforms) = postSolution
		{03F9FD22-6A67-4248-9C71-682952D0EA07}.Debug|Any CPU.ActiveCfg = Debug|Any CPU
		{03F9FD22-6A67-4248-9C71-682952D0EA07}.Debug|Any CPU.Build.0 = Debug|Any CPU
		{03F9FD22-6A67-4248-9C71-682952D0EA07}.Debug|x64.ActiveCfg = Debug|Any CPU
		{03F9FD22-6A67-4248-9C71-682952D0EA07}.Debug|x64.Build.0 = Debug|Any CPU
		{03F9FD22-6A67-4248-9C71-682952D0EA07}.Debug|x86.ActiveCfg = Debug|Any CPU
		{03F9FD22-6A67-4248-9C71-682952D0EA07}.Debug|x86.Build.0 = Debug|Any CPU
		{03F9FD22-6A67-4248-9C71-682952D0EA07}.Release|Any CPU.ActiveCfg = Release|Any CPU
		{03F9FD22-6A67-4248-9C71-682952D0EA07}.Release|Any CPU.Build.0 = Release|Any CPU
		{03F9FD22-6A67-4248-9C71-682952D0EA07}.Release|x64.ActiveCfg = Release|Any CPU
		{03F9FD22-6A67-4248-9C71-682952D0EA07}.Release|x64.Build.0 = Release|Any CPU
		{03F9FD22-6A67-4248-9C71-682952D0EA07}.Release|x86.ActiveCfg = Release|Any CPU
		{03F9FD22-6A67-4248-9C71-682952D0EA07}.Release|x86.Build.0 = Release|Any CPU
		{B18D15CB-4E86-4C1D-ADAB-2FE851C6ACB5}.Debug|Any CPU.ActiveCfg = Debug|Any CPU
		{B18D15CB-4E86-4C1D-ADAB-2FE851C6ACB5}.Debug|Any CPU.Build.0 = Debug|Any CPU
		{B18D15CB-4E86-4C1D-ADAB-2FE851C6ACB5}.Debug|x64.ActiveCfg = Debug|Any CPU
		{B18D15CB-4E86-4C1D-ADAB-2FE851C6ACB5}.Debug|x64.Build.0 = Debug|Any CPU
		{B18D15CB-4E86-4C1D-ADAB-2FE851C6ACB5}.Debug|x86.ActiveCfg = Debug|Any CPU
		{B18D15CB-4E86-4C1D-ADAB-2FE851C6ACB5}.Debug|x86.Build.0 = Debug|Any CPU
		{B18D15CB-4E86-4C1D-ADAB-2FE851C6ACB5}.Release|Any CPU.ActiveCfg = Release|Any CPU
		{B18D15CB-4E86-4C1D-ADAB-2FE851C6ACB5}.Release|Any CPU.Build.0 = Release|Any CPU
		{B18D15CB-4E86-4C1D-ADAB-2FE851C6ACB5}.Release|x64.ActiveCfg = Release|Any CPU
		{B18D15CB-4E86-4C1D-ADAB-2FE851C6ACB5}.Release|x64.Build.0 = Release|Any CPU
		{B18D15CB-4E86-4C1D-ADAB-2FE851C6ACB5}.Release|x86.ActiveCfg = Release|Any CPU
		{B18D15CB-4E86-4C1D-ADAB-2FE851C6ACB5}.Release|x86.Build.0 = Release|Any CPU
		{4B2EB6BE-CE38-4390-884F-7911130273D4}.Debug|Any CPU.ActiveCfg = Debug|Any CPU
		{4B2EB6BE-CE38-4390-884F-7911130273D4}.Debug|Any CPU.Build.0 = Debug|Any CPU
		{4B2EB6BE-CE38-4390-884F-7911130273D4}.Debug|x64.ActiveCfg = Debug|Any CPU
		{4B2EB6BE-CE38-4390-884F-7911130273D4}.Debug|x64.Build.0 = Debug|Any CPU
		{4B2EB6BE-CE38-4390-884F-7911130273D4}.Debug|x86.ActiveCfg = Debug|Any CPU
		{4B2EB6BE-CE38-4390-884F-7911130273D4}.Debug|x86.Build.0 = Debug|Any CPU
		{4B2EB6BE-CE38-4390-884F-7911130273D4}.Release|Any CPU.ActiveCfg = Release|Any CPU
		{4B2EB6BE-CE38-4390-884F-7911130273D4}.Release|Any CPU.Build.0 = Release|Any CPU
		{4B2EB6BE-CE38-4390-884F-7911130273D4}.Release|x64.ActiveCfg = Release|Any CPU
		{4B2EB6BE-CE38-4390-884F-7911130273D4}.Release|x64.Build.0 = Release|Any CPU
		{4B2EB6BE-CE38-4390-884F-7911130273D4}.Release|x86.ActiveCfg = Release|Any CPU
		{4B2EB6BE-CE38-4390-884F-7911130273D4}.Release|x86.Build.0 = Release|Any CPU
		{BA426EA0-1104-4363-8C58-98F66C252CEE}.Debug|Any CPU.ActiveCfg = Debug|Any CPU
		{BA426EA0-1104-4363-8C58-98F66C252CEE}.Debug|Any CPU.Build.0 = Debug|Any CPU
		{BA426EA0-1104-4363-8C58-98F66C252CEE}.Debug|x64.ActiveCfg = Debug|Any CPU
		{BA426EA0-1104-4363-8C58-98F66C252CEE}.Debug|x64.Build.0 = Debug|Any CPU
		{BA426EA0-1104-4363-8C58-98F66C252CEE}.Debug|x86.ActiveCfg = Debug|Any CPU
		{BA426EA0-1104-4363-8C58-98F66C252CEE}.Debug|x86.Build.0 = Debug|Any CPU
		{BA426EA0-1104-4363-8C58-98F66C252CEE}.Release|Any CPU.ActiveCfg = Release|Any CPU
		{BA426EA0-1104-4363-8C58-98F66C252CEE}.Release|Any CPU.Build.0 = Release|Any CPU
		{BA426EA0-1104-4363-8C58-98F66C252CEE}.Release|x64.ActiveCfg = Release|Any CPU
		{BA426EA0-1104-4363-8C58-98F66C252CEE}.Release|x64.Build.0 = Release|Any CPU
		{BA426EA0-1104-4363-8C58-98F66C252CEE}.Release|x86.ActiveCfg = Release|Any CPU
		{BA426EA0-1104-4363-8C58-98F66C252CEE}.Release|x86.Build.0 = Release|Any CPU
		{2D2455A0-9F35-4D41-BC2D-2CBCDFE01FAA}.Debug|Any CPU.ActiveCfg = Debug|Any CPU
		{2D2455A0-9F35-4D41-BC2D-2CBCDFE01FAA}.Debug|Any CPU.Build.0 = Debug|Any CPU
		{2D2455A0-9F35-4D41-BC2D-2CBCDFE01FAA}.Debug|x64.ActiveCfg = Debug|Any CPU
		{2D2455A0-9F35-4D41-BC2D-2CBCDFE01FAA}.Debug|x64.Build.0 = Debug|Any CPU
		{2D2455A0-9F35-4D41-BC2D-2CBCDFE01FAA}.Debug|x86.ActiveCfg = Debug|Any CPU
		{2D2455A0-9F35-4D41-BC2D-2CBCDFE01FAA}.Debug|x86.Build.0 = Debug|Any CPU
		{2D2455A0-9F35-4D41-BC2D-2CBCDFE01FAA}.Release|Any CPU.ActiveCfg = Release|Any CPU
		{2D2455A0-9F35-4D41-BC2D-2CBCDFE01FAA}.Release|Any CPU.Build.0 = Release|Any CPU
		{2D2455A0-9F35-4D41-BC2D-2CBCDFE01FAA}.Release|x64.ActiveCfg = Release|Any CPU
		{2D2455A0-9F35-4D41-BC2D-2CBCDFE01FAA}.Release|x64.Build.0 = Release|Any CPU
		{2D2455A0-9F35-4D41-BC2D-2CBCDFE01FAA}.Release|x86.ActiveCfg = Release|Any CPU
		{2D2455A0-9F35-4D41-BC2D-2CBCDFE01FAA}.Release|x86.Build.0 = Release|Any CPU
		{8BCEC9B1-6E8D-4D25-AE95-61269B672935}.Debug|Any CPU.ActiveCfg = Debug|Any CPU
		{8BCEC9B1-6E8D-4D25-AE95-61269B672935}.Debug|Any CPU.Build.0 = Debug|Any CPU
		{8BCEC9B1-6E8D-4D25-AE95-61269B672935}.Debug|x64.ActiveCfg = Debug|Any CPU
		{8BCEC9B1-6E8D-4D25-AE95-61269B672935}.Debug|x64.Build.0 = Debug|Any CPU
		{8BCEC9B1-6E8D-4D25-AE95-61269B672935}.Debug|x86.ActiveCfg = Debug|Any CPU
		{8BCEC9B1-6E8D-4D25-AE95-61269B672935}.Debug|x86.Build.0 = Debug|Any CPU
		{8BCEC9B1-6E8D-4D25-AE95-61269B672935}.Release|Any CPU.ActiveCfg = Release|Any CPU
		{8BCEC9B1-6E8D-4D25-AE95-61269B672935}.Release|Any CPU.Build.0 = Release|Any CPU
		{8BCEC9B1-6E8D-4D25-AE95-61269B672935}.Release|x64.ActiveCfg = Release|Any CPU
		{8BCEC9B1-6E8D-4D25-AE95-61269B672935}.Release|x64.Build.0 = Release|Any CPU
		{8BCEC9B1-6E8D-4D25-AE95-61269B672935}.Release|x86.ActiveCfg = Release|Any CPU
		{8BCEC9B1-6E8D-4D25-AE95-61269B672935}.Release|x86.Build.0 = Release|Any CPU
		{9FE9C68F-88BA-41CB-8EFC-07C978AA038B}.Debug|Any CPU.ActiveCfg = Debug|Any CPU
		{9FE9C68F-88BA-41CB-8EFC-07C978AA038B}.Debug|Any CPU.Build.0 = Debug|Any CPU
		{9FE9C68F-88BA-41CB-8EFC-07C978AA038B}.Debug|x64.ActiveCfg = Debug|Any CPU
		{9FE9C68F-88BA-41CB-8EFC-07C978AA038B}.Debug|x64.Build.0 = Debug|Any CPU
		{9FE9C68F-88BA-41CB-8EFC-07C978AA038B}.Debug|x86.ActiveCfg = Debug|Any CPU
		{9FE9C68F-88BA-41CB-8EFC-07C978AA038B}.Debug|x86.Build.0 = Debug|Any CPU
		{9FE9C68F-88BA-41CB-8EFC-07C978AA038B}.Release|Any CPU.ActiveCfg = Release|Any CPU
		{9FE9C68F-88BA-41CB-8EFC-07C978AA038B}.Release|Any CPU.Build.0 = Release|Any CPU
		{9FE9C68F-88BA-41CB-8EFC-07C978AA038B}.Release|x64.ActiveCfg = Release|Any CPU
		{9FE9C68F-88BA-41CB-8EFC-07C978AA038B}.Release|x64.Build.0 = Release|Any CPU
		{9FE9C68F-88BA-41CB-8EFC-07C978AA038B}.Release|x86.ActiveCfg = Release|Any CPU
		{9FE9C68F-88BA-41CB-8EFC-07C978AA038B}.Release|x86.Build.0 = Release|Any CPU
		{ECD39D25-3912-45C3-BC64-0D32AC592A03}.Debug|Any CPU.ActiveCfg = Debug|Any CPU
		{ECD39D25-3912-45C3-BC64-0D32AC592A03}.Debug|Any CPU.Build.0 = Debug|Any CPU
		{ECD39D25-3912-45C3-BC64-0D32AC592A03}.Debug|x64.ActiveCfg = Debug|Any CPU
		{ECD39D25-3912-45C3-BC64-0D32AC592A03}.Debug|x64.Build.0 = Debug|Any CPU
		{ECD39D25-3912-45C3-BC64-0D32AC592A03}.Debug|x86.ActiveCfg = Debug|Any CPU
		{ECD39D25-3912-45C3-BC64-0D32AC592A03}.Debug|x86.Build.0 = Debug|Any CPU
		{ECD39D25-3912-45C3-BC64-0D32AC592A03}.Release|Any CPU.ActiveCfg = Release|Any CPU
		{ECD39D25-3912-45C3-BC64-0D32AC592A03}.Release|Any CPU.Build.0 = Release|Any CPU
		{ECD39D25-3912-45C3-BC64-0D32AC592A03}.Release|x64.ActiveCfg = Release|Any CPU
		{ECD39D25-3912-45C3-BC64-0D32AC592A03}.Release|x64.Build.0 = Release|Any CPU
		{ECD39D25-3912-45C3-BC64-0D32AC592A03}.Release|x86.ActiveCfg = Release|Any CPU
		{ECD39D25-3912-45C3-BC64-0D32AC592A03}.Release|x86.Build.0 = Release|Any CPU
	EndGlobalSection
	GlobalSection(NestedProjects) = preSolution
		{4B2EB6BE-CE38-4390-884F-7911130273D4} = {01289053-BF39-4FCD-AE99-4524052A182A}
		{BA426EA0-1104-4363-8C58-98F66C252CEE} = {01289053-BF39-4FCD-AE99-4524052A182A}
		{B18D15CB-4E86-4C1D-ADAB-2FE851C6ACB5} = {B90020E6-B954-4425-8A42-6EE8F254BA04}
		{2D2455A0-9F35-4D41-BC2D-2CBCDFE01FAA} = {6EB8D025-DBBB-4B70-B89A-0EB937D283EF}
		{03F9FD22-6A67-4248-9C71-682952D0EA07} = {63FB6273-4039-4AB0-A7F8-2DC3D936D7A2}
		{9FE9C68F-88BA-41CB-8EFC-07C978AA038B} = {63FB6273-4039-4AB0-A7F8-2DC3D936D7A2}
		{01289053-BF39-4FCD-AE99-4524052A182A} = {B90020E6-B954-4425-8A42-6EE8F254BA04}
		{6EB8D025-DBBB-4B70-B89A-0EB937D283EF} = {B90020E6-B954-4425-8A42-6EE8F254BA04}
	EndGlobalSection
EndGlobal
